
Microsoft Visual Studio Solution File, Format Version 12.00
# Visual Studio 15
VisualStudioVersion = 15.0.28307.2017
MinimumVisualStudioVersion = 10.0.40219.1
Project("{FAE04EC0-301F-11D3-BF4B-00C04F79EFBC}") = "DesktopApplicationProva", "DesktopApplicationProva\DesktopApplicationProva.csproj", "{38282653-3B61-4259-8C83-ADE0243142EB}"
EndProject
Global
	GlobalSection(SolutionConfigurationPlatforms) = preSolution
		Debug|Any CPU = Debug|Any CPU
		Release|Any CPU = Release|Any CPU
	EndGlobalSection
	GlobalSection(ProjectConfigurationPlatforms) = postSolution
		{38282653-3B61-4259-8C83-ADE0243142EB}.Debug|Any CPU.ActiveCfg = Debug|Any CPU
		{38282653-3B61-4259-8C83-ADE0243142EB}.Debug|Any CPU.Build.0 = Debug|Any CPU
		{38282653-3B61-4259-8C83-ADE0243142EB}.Release|Any CPU.ActiveCfg = Release|Any CPU
		{38282653-3B61-4259-8C83-ADE0243142EB}.Release|Any CPU.Build.0 = Release|Any CPU
	EndGlobalSection
	GlobalSection(SolutionProperties) = preSolution
		HideSolutionNode = FALSE
	EndGlobalSection
	GlobalSection(ExtensibilityGlobals) = postSolution
		SolutionGuid = {CFBFC8E5-7005-4419-9EC9-EDFA93222094}
	EndGlobalSection
EndGlobal
